
Microsoft Visual Studio Solution File, Format Version 12.00
# Visual Studio Version 17
VisualStudioVersion = 17.0.32112.339
MinimumVisualStudioVersion = 10.0.40219.1
Project("{FAE04EC0-301F-11D3-BF4B-00C04F79EFBC}") = "programmering fra bunden opgave 5", "programmering fra bunden opgave 5.csproj", "{8F130709-A428-4329-9BC8-47EE01664698}"
EndProject
Global
	GlobalSection(SolutionConfigurationPlatforms) = preSolution
		Debug|Any CPU = Debug|Any CPU
		Release|Any CPU = Release|Any CPU
	EndGlobalSection
	GlobalSection(ProjectConfigurationPlatforms) = postSolution
		{8F130709-A428-4329-9BC8-47EE01664698}.Debug|Any CPU.ActiveCfg = Debug|Any CPU
		{8F130709-A428-4329-9BC8-47EE01664698}.Debug|Any CPU.Build.0 = Debug|Any CPU
		{8F130709-A428-4329-9BC8-47EE01664698}.Release|Any CPU.ActiveCfg = Release|Any CPU
		{8F130709-A428-4329-9BC8-47EE01664698}.Release|Any CPU.Build.0 = Release|Any CPU
	EndGlobalSection
	GlobalSection(SolutionProperties) = preSolution
		HideSolutionNode = FALSE
	EndGlobalSection
	GlobalSection(ExtensibilityGlobals) = postSolution
		SolutionGuid = {A3382011-E473-408A-B070-77E84D533E58}
	EndGlobalSection
EndGlobal
